// !$*UTF8*$!
{
	archiveVersion = 1;
	classes = {
	};
	objectVersion = 46;
	objects = {

/* Begin PBXBuildFile section */
		DCBFE0901E0DE6C300BB00C7 /* 02_image.c in Sources */ = {isa = PBXBuildFile; fileRef = DCBFE08F1E0DE6C300BB00C7 /* 02_image.c */; };
		DCBFE0981E0DE70000BB00C7 /* SDL2.framework in Frameworks */ = {isa = PBXBuildFile; fileRef = DCBFE0971E0DE70000BB00C7 /* SDL2.framework */; };
/* End PBXBuildFile section */

/* Begin PBXCopyFilesBuildPhase section */
		DCBFE08A1E0DE6C300BB00C7 /* CopyFiles */ = {
			isa = PBXCopyFilesBuildPhase;
			buildActionMask = 2147483647;
			dstPath = /usr/share/man/man1/;
			dstSubfolderSpec = 0;
			files = (
			);
			runOnlyForDeploymentPostprocessing = 1;
		};
/* End PBXCopyFilesBuildPhase section */

/* Begin PBXFileReference section */
		DCBFE08C1E0DE6C300BB00C7 /* 02_image */ = {isa = PBXFileReference; explicitFileType = "compiled.mach-o.executable"; includeInIndex = 0; path = 02_image; sourceTree = BUILT_PRODUCTS_DIR; };
		DCBFE08F1E0DE6C300BB00C7 /* 02_image.c */ = {isa = PBXFileReference; lastKnownFileType = sourcecode.c.c; path = 02_image.c; sourceTree = "<group>"; };
		DCBFE0971E0DE70000BB00C7 /* SDL2.framework */ = {isa = PBXFileReference; lastKnownFileType = wrapper.framework; name = SDL2.framework; path = ../../../../../../Library/Frameworks/SDL2.framework; sourceTree = "<group>"; };
		DCBFE0991E0DE7E400BB00C7 /* hello_world.bmp */ = {isa = PBXFileReference; lastKnownFileType = image.bmp; name = hello_world.bmp; path = 02_image/hello_world.bmp; sourceTree = "<group>"; };
/* End PBXFileReference section */

/* Begin PBXFrameworksBuildPhase section */
		DCBFE0891E0DE6C300BB00C7 /* Frameworks */ = {
			isa = PBXFrameworksBuildPhase;
			buildActionMask = 2147483647;
			files = (
				DCBFE0981E0DE70000BB00C7 /* SDL2.framework in Frameworks */,
			);
			runOnlyForDeploymentPostprocessing = 0;
		};
/* End PBXFrameworksBuildPhase section */

/* Begin PBXGroup section */
		DCBFE0831E0DE6C300BB00C7 = {
			isa = PBXGroup;
			children = (
				DCBFE0991E0DE7E400BB00C7 /* hello_world.bmp */,
				DCBFE08E1E0DE6C300BB00C7 /* 02_image */,
				DCBFE08D1E0DE6C300BB00C7 /* Products */,
				DCBFE0961E0DE70000BB00C7 /* Frameworks */,
			);
			sourceTree = "<group>";
		};
		DCBFE08D1E0DE6C300BB00C7 /* Products */ = {
			isa = PBXGroup;
			children = (
				DCBFE08C1E0DE6C300BB00C7 /* 02_image */,
			);
			name = Products;
			sourceTree = "<group>";
		};
		DCBFE08E1E0DE6C300BB00C7 /* 02_image */ = {
			isa = PBXGroup;
			children = (
				DCBFE08F1E0DE6C300BB00C7 /* 02_image.c */,
			);
			path = 02_image;
			sourceTree = "<group>";
		};
		DCBFE0961E0DE70000BB00C7 /* Frameworks */ = {
			isa = PBXGroup;
			children = (
				DCBFE0971E0DE70000BB00C7 /* SDL2.framework */,
			);
			name = Frameworks;
			sourceTree = "<group>";
		};
/* End PBXGroup section */

/* Begin PBXNativeTarget section */
		DCBFE08B1E0DE6C300BB00C7 /* 02_image */ = {
			isa = PBXNativeTarget;
			buildConfigurationList = DCBFE0931E0DE6C300BB00C7 /* Build configuration list for PBXNativeTarget "02_image" */;
			buildPhases = (
				DCBFE0881E0DE6C300BB00C7 /* Sources */,
				DCBFE0891E0DE6C300BB00C7 /* Frameworks */,
				DCBFE08A1E0DE6C300BB00C7 /* CopyFiles */,
			);
			buildRules = (
			);
			dependencies = (
			);
			name = 02_image;
			productName = 02_image;
			productReference = DCBFE08C1E0DE6C300BB00C7 /* 02_image */;
			productType = "com.apple.product-type.tool";
		};
/* End PBXNativeTarget section */

/* Begin PBXProject section */
		DCBFE0841E0DE6C300BB00C7 /* Project object */ = {
			isa = PBXProject;
			attributes = {
				LastUpgradeCheck = 0820;
				ORGANIZATIONNAME = "Nicolas Montanaro";
				TargetAttributes = {
					DCBFE08B1E0DE6C300BB00C7 = {
						CreatedOnToolsVersion = 8.2;
						ProvisioningStyle = Automatic;
					};
				};
			};
			buildConfigurationList = DCBFE0871E0DE6C300BB00C7 /* Build configuration list for PBXProject "02_image" */;
			compatibilityVersion = "Xcode 3.2";
			developmentRegion = English;
			hasScannedForEncodings = 0;
			knownRegions = (
				en,
			);
			mainGroup = DCBFE0831E0DE6C300BB00C7;
			productRefGroup = DCBFE08D1E0DE6C300BB00C7 /* Products */;
			projectDirPath = "";
			projectRoot = "";
			targets = (
				DCBFE08B1E0DE6C300BB00C7 /* 02_image */,
			);
		};
/* End PBXProject section */

/* Begin PBXSourcesBuildPhase section */
		DCBFE0881E0DE6C300BB00C7 /* Sources */ = {
			isa = PBXSourcesBuildPhase;
			buildActionMask = 2147483647;
			files = (
				DCBFE0901E0DE6C300BB00C7 /* 02_image.c in Sources */,
			);
			runOnlyForDeploymentPostprocessing = 0;
		};
/* End PBXSourcesBuildPhase section */

/* Begin XCBuildConfiguration section */
		DCBFE0911E0DE6C300BB00C7 /* Debug */ = {
			isa = XCBuildConfiguration;
			buildSettings = {
				ALWAYS_SEARCH_USER_PATHS = NO;
				CLANG_ANALYZER_NONNULL = YES;
				CLANG_CXX_LANGUAGE_STANDARD = "gnu++0x";
				CLANG_CXX_LIBRARY = "libc++";
				CLANG_ENABLE_MODULES = YES;
				CLANG_ENABLE_OBJC_ARC = YES;
				CLANG_WARN_BOOL_CONVERSION = YES;
				CLANG_WARN_CONSTANT_CONVERSION = YES;
				CLANG_WARN_DIRECT_OBJC_ISA_USAGE = YES_ERROR;
				CLANG_WARN_DOCUMENTATION_COMMENTS = YES;
				CLANG_WARN_EMPTY_BODY = YES;
				CLANG_WARN_ENUM_CONVERSION = YES;
				CLANG_WARN_INFINITE_RECURSION = YES;
				CLANG_WARN_INT_CONVERSION = YES;
				CLANG_WARN_OBJC_ROOT_CLASS = YES_ERROR;
				CLANG_WARN_SUSPICIOUS_MOVE = YES;
				CLANG_WARN_UNREACHABLE_CODE = YES;
				CLANG_WARN__DUPLICATE_METHOD_MATCH = YES;
				CODE_SIGN_IDENTITY = "-";
				COPY_PHASE_STRIP = NO;
				DEBUG_INFORMATION_FORMAT = dwarf;
				ENABLE_STRICT_OBJC_MSGSEND = YES;
				ENABLE_TESTABILITY = YES;
				GCC_C_LANGUAGE_STANDARD = gnu99;
				GCC_DYNAMIC_NO_PIC = NO;
				GCC_NO_COMMON_BLOCKS = YES;
				GCC_OPTIMIZATION_LEVEL = 0;
				GCC_PREPROCESSOR_DEFINITIONS = (
					"DEBUG=1",
					"$(inherited)",
				);
				GCC_WARN_64_TO_32_BIT_CONVERSION = YES;
				GCC_WARN_ABOUT_RETURN_TYPE = YES_ERROR;
				GCC_WARN_UNDECLARED_SELECTOR = YES;
				GCC_WARN_UNINITIALIZED_AUTOS = YES_AGGRESSIVE;
				GCC_WARN_UNUSED_FUNCTION = YES;
				GCC_WARN_UNUSED_VARIABLE = YES;
				MACOSX_DEPLOYMENT_TARGET = 10.12;
				MTL_ENABLE_DEBUG_INFO = YES;
				ONLY_ACTIVE_ARCH = YES;
				SDKROOT = macosx;
			};
			name = Debug;
		};
		DCBFE0921E0DE6C300BB00C7 /* Release */ = {
			isa = XCBuildConfiguration;
			buildSettings = {
				ALWAYS_SEARCH_USER_PATHS = NO;
				CLANG_ANALYZER_NONNULL = YES;
				CLANG_CXX_LANGUAGE_STANDARD = "gnu++0x";
				CLANG_CXX_LIBRARY = "libc++";
				CLANG_ENABLE_MODULES = YES;
				CLANG_ENABLE_OBJC_ARC = YES;
				CLANG_WARN_BOOL_CONVERSION = YES;
				CLANG_WARN_CONSTANT_CONVERSION = YES;
				CLANG_WARN_DIRECT_OBJC_ISA_USAGE = YES_ERROR;
				CLANG_WARN_DOCUMENTATION_COMMENTS = YES;
				CLANG_WARN_EMPTY_BODY = YES;
				CLANG_WARN_ENUM_CONVERSION = YES;
				CLANG_WARN_INFINITE_RECURSION = YES;
				CLANG_WARN_INT_CONVERSION = YES;
				CLANG_WARN_OBJC_ROOT_CLASS = YES_ERROR;
				CLANG_WARN_SUSPICIOUS_MOVE = YES;
				CLANG_WARN_UNREACHABLE_CODE = YES;
				CLANG_WARN__DUPLICATE_METHOD_MATCH = YES;
				CODE_SIGN_IDENTITY = "-";
				COPY_PHASE_STRIP = NO;
				DEBUG_INFORMATION_FORMAT = "dwarf-with-dsym";
				ENABLE_NS_ASSERTIONS = NO;
				ENABLE_STRICT_OBJC_MSGSEND = YES;
				GCC_C_LANGUAGE_STANDARD = gnu99;
				GCC_NO_COMMON_BLOCKS = YES;
				GCC_WARN_64_TO_32_BIT_CONVERSION = YES;
				GCC_WARN_ABOUT_RETURN_TYPE = YES_ERROR;
				GCC_WARN_UNDECLARED_SELECTOR = YES;
				GCC_WARN_UNINITIALIZED_AUTOS = YES_AGGRESSIVE;
				GCC_WARN_UNUSED_FUNCTION = YES;
				GCC_WARN_UNUSED_VARIABLE = YES;
				MACOSX_DEPLOYMENT_TARGET = 10.12;
				MTL_ENABLE_DEBUG_INFO = NO;
				SDKROOT = macosx;
			};
			name = Release;
		};
		DCBFE0941E0DE6C300BB00C7 /* Debug */ = {
			isa = XCBuildConfiguration;
			buildSettings = {
				FRAMEWORK_SEARCH_PATHS = (
					"$(inherited)",
					"$(LOCAL_LIBRARY_DIR)/Frameworks",
				);
				PRODUCT_NAME = "$(TARGET_NAME)";
			};
			name = Debug;
		};
		DCBFE0951E0DE6C300BB00C7 /* Release */ = {
			isa = XCBuildConfiguration;
			buildSettings = {
				FRAMEWORK_SEARCH_PATHS = (
					"$(inherited)",
					"$(LOCAL_LIBRARY_DIR)/Frameworks",
				);
				PRODUCT_NAME = "$(TARGET_NAME)";
			};
			name = Release;
		};
/* End XCBuildConfiguration section */

/* Begin XCConfigurationList section */
		DCBFE0871E0DE6C300BB00C7 /* Build configuration list for PBXProject "02_image" */ = {
			isa = XCConfigurationList;
			buildConfigurations = (
				DCBFE0911E0DE6C300BB00C7 /* Debug */,
				DCBFE0921E0DE6C300BB00C7 /* Release */,
			);
			defaultConfigurationIsVisible = 0;
			defaultConfigurationName = Release;
		};
		DCBFE0931E0DE6C300BB00C7 /* Build configuration list for PBXNativeTarget "02_image" */ = {
			isa = XCConfigurationList;
			buildConfigurations = (
				DCBFE0941E0DE6C300BB00C7 /* Debug */,
				DCBFE0951E0DE6C300BB00C7 /* Release */,
			);
			defaultConfigurationIsVisible = 0;
		};
/* End XCConfigurationList section */
	};
	rootObject = DCBFE0841E0DE6C300BB00C7 /* Project object */;
}
