// !$*UTF8*$!
{
	archiveVersion = 1;
	classes = {
	};
	objectVersion = 46;
	objects = {

/* Begin PBXBuildFile section */
		DCBFE0C61E0DE8CF00BB00C7 /* 02_image.c in Sources */ = {isa = PBXBuildFile; fileRef = DCBFE0C41E0DE8CF00BB00C7 /* 02_image.c */; };
		DCBFE0C91E0DE8DE00BB00C7 /* SDL2.framework in Frameworks */ = {isa = PBXBuildFile; fileRef = DCBFE0C81E0DE8DE00BB00C7 /* SDL2.framework */; };
/* End PBXBuildFile section */

/* Begin PBXCopyFilesBuildPhase section */
		DCBFE0B51E0DE89600BB00C7 /* CopyFiles */ = {
			isa = PBXCopyFilesBuildPhase;
			buildActionMask = 2147483647;
			dstPath = /usr/share/man/man1/;
			dstSubfolderSpec = 0;
			files = (
			);
			runOnlyForDeploymentPostprocessing = 1;
		};
/* End PBXCopyFilesBuildPhase section */

/* Begin PBXFileReference section */
		DCBFE0B71E0DE89600BB00C7 /* sdl-tutorial */ = {isa = PBXFileReference; explicitFileType = "compiled.mach-o.executable"; includeInIndex = 0; path = "sdl-tutorial"; sourceTree = BUILT_PRODUCTS_DIR; };
		DCBFE0C41E0DE8CF00BB00C7 /* 02_image.c */ = {isa = PBXFileReference; fileEncoding = 4; lastKnownFileType = sourcecode.c.c; name = 02_image.c; path = ../../../../../Desktop/02_image.c; sourceTree = "<group>"; };
		DCBFE0C51E0DE8CF00BB00C7 /* hello_world.bmp */ = {isa = PBXFileReference; lastKnownFileType = image.bmp; name = hello_world.bmp; path = ../../../../../Desktop/hello_world.bmp; sourceTree = "<group>"; };
		DCBFE0C81E0DE8DE00BB00C7 /* SDL2.framework */ = {isa = PBXFileReference; lastKnownFileType = wrapper.framework; name = SDL2.framework; path = ../../../../../../Library/Frameworks/SDL2.framework; sourceTree = "<group>"; };
/* End PBXFileReference section */

/* Begin PBXFrameworksBuildPhase section */
		DCBFE0B41E0DE89600BB00C7 /* Frameworks */ = {
			isa = PBXFrameworksBuildPhase;
			buildActionMask = 2147483647;
			files = (
				DCBFE0C91E0DE8DE00BB00C7 /* SDL2.framework in Frameworks */,
			);
			runOnlyForDeploymentPostprocessing = 0;
		};
/* End PBXFrameworksBuildPhase section */

/* Begin PBXGroup section */
		DCBFE0AE1E0DE89600BB00C7 = {
			isa = PBXGroup;
			children = (
				DCBFE0B91E0DE89600BB00C7 /* sdl-tutorial */,
				DCBFE0B81E0DE89600BB00C7 /* Products */,
				DCBFE0C71E0DE8DE00BB00C7 /* Frameworks */,
			);
			sourceTree = "<group>";
		};
		DCBFE0B81E0DE89600BB00C7 /* Products */ = {
			isa = PBXGroup;
			children = (
				DCBFE0B71E0DE89600BB00C7 /* sdl-tutorial */,
			);
			name = Products;
			sourceTree = "<group>";
		};
		DCBFE0B91E0DE89600BB00C7 /* sdl-tutorial */ = {
			isa = PBXGroup;
			children = (
				DCBFE0C31E0DE8BC00BB00C7 /* 02_image */,
				DCBFE0C11E0DE89E00BB00C7 /* 01_hello */,
			);
			path = "sdl-tutorial";
			sourceTree = "<group>";
		};
		DCBFE0C11E0DE89E00BB00C7 /* 01_hello */ = {
			isa = PBXGroup;
			children = (
			);
			name = 01_hello;
			sourceTree = "<group>";
		};
		DCBFE0C31E0DE8BC00BB00C7 /* 02_image */ = {
			isa = PBXGroup;
			children = (
				DCBFE0C41E0DE8CF00BB00C7 /* 02_image.c */,
				DCBFE0C51E0DE8CF00BB00C7 /* hello_world.bmp */,
			);
			name = 02_image;
			sourceTree = "<group>";
		};
		DCBFE0C71E0DE8DE00BB00C7 /* Frameworks */ = {
			isa = PBXGroup;
			children = (
				DCBFE0C81E0DE8DE00BB00C7 /* SDL2.framework */,
			);
			name = Frameworks;
			sourceTree = "<group>";
		};
/* End PBXGroup section */

/* Begin PBXNativeTarget section */
		DCBFE0B61E0DE89600BB00C7 /* sdl-tutorial */ = {
			isa = PBXNativeTarget;
			buildConfigurationList = DCBFE0BE1E0DE89600BB00C7 /* Build configuration list for PBXNativeTarget "sdl-tutorial" */;
			buildPhases = (
				DCBFE0B31E0DE89600BB00C7 /* Sources */,
				DCBFE0B41E0DE89600BB00C7 /* Frameworks */,
				DCBFE0B51E0DE89600BB00C7 /* CopyFiles */,
			);
			buildRules = (
			);
			dependencies = (
			);
			name = "sdl-tutorial";
			productName = "sdl-tutorial";
			productReference = DCBFE0B71E0DE89600BB00C7 /* sdl-tutorial */;
			productType = "com.apple.product-type.tool";
		};
/* End PBXNativeTarget section */

/* Begin PBXProject section */
		DCBFE0AF1E0DE89600BB00C7 /* Project object */ = {
			isa = PBXProject;
			attributes = {
				LastUpgradeCheck = 0820;
				ORGANIZATIONNAME = "Nicolas Montanaro";
				TargetAttributes = {
					DCBFE0B61E0DE89600BB00C7 = {
						CreatedOnToolsVersion = 8.2;
						ProvisioningStyle = Automatic;
					};
				};
			};
			buildConfigurationList = DCBFE0B21E0DE89600BB00C7 /* Build configuration list for PBXProject "sdl-tutorial" */;
			compatibilityVersion = "Xcode 3.2";
			developmentRegion = English;
			hasScannedForEncodings = 0;
			knownRegions = (
				en,
			);
			mainGroup = DCBFE0AE1E0DE89600BB00C7;
			productRefGroup = DCBFE0B81E0DE89600BB00C7 /* Products */;
			projectDirPath = "";
			projectRoot = "";
			targets = (
				DCBFE0B61E0DE89600BB00C7 /* sdl-tutorial */,
			);
		};
/* End PBXProject section */

/* Begin PBXSourcesBuildPhase section */
		DCBFE0B31E0DE89600BB00C7 /* Sources */ = {
			isa = PBXSourcesBuildPhase;
			buildActionMask = 2147483647;
			files = (
				DCBFE0C61E0DE8CF00BB00C7 /* 02_image.c in Sources */,
			);
			runOnlyForDeploymentPostprocessing = 0;
		};
/* End PBXSourcesBuildPhase section */

/* Begin XCBuildConfiguration section */
		DCBFE0BC1E0DE89600BB00C7 /* Debug */ = {
			isa = XCBuildConfiguration;
			buildSettings = {
				ALWAYS_SEARCH_USER_PATHS = NO;
				CLANG_ANALYZER_NONNULL = YES;
				CLANG_CXX_LANGUAGE_STANDARD = "gnu++0x";
				CLANG_CXX_LIBRARY = "libc++";
				CLANG_ENABLE_MODULES = YES;
				CLANG_ENABLE_OBJC_ARC = YES;
				CLANG_WARN_BOOL_CONVERSION = YES;
				CLANG_WARN_CONSTANT_CONVERSION = YES;
				CLANG_WARN_DIRECT_OBJC_ISA_USAGE = YES_ERROR;
				CLANG_WARN_DOCUMENTATION_COMMENTS = YES;
				CLANG_WARN_EMPTY_BODY = YES;
				CLANG_WARN_ENUM_CONVERSION = YES;
				CLANG_WARN_INFINITE_RECURSION = YES;
				CLANG_WARN_INT_CONVERSION = YES;
				CLANG_WARN_OBJC_ROOT_CLASS = YES_ERROR;
				CLANG_WARN_SUSPICIOUS_MOVE = YES;
				CLANG_WARN_UNREACHABLE_CODE = YES;
				CLANG_WARN__DUPLICATE_METHOD_MATCH = YES;
				CODE_SIGN_IDENTITY = "-";
				COPY_PHASE_STRIP = NO;
				DEBUG_INFORMATION_FORMAT = dwarf;
				ENABLE_STRICT_OBJC_MSGSEND = YES;
				ENABLE_TESTABILITY = YES;
				GCC_C_LANGUAGE_STANDARD = gnu99;
				GCC_DYNAMIC_NO_PIC = NO;
				GCC_NO_COMMON_BLOCKS = YES;
				GCC_OPTIMIZATION_LEVEL = 0;
				GCC_PREPROCESSOR_DEFINITIONS = (
					"DEBUG=1",
					"$(inherited)",
				);
				GCC_WARN_64_TO_32_BIT_CONVERSION = YES;
				GCC_WARN_ABOUT_RETURN_TYPE = YES_ERROR;
				GCC_WARN_UNDECLARED_SELECTOR = YES;
				GCC_WARN_UNINITIALIZED_AUTOS = YES_AGGRESSIVE;
				GCC_WARN_UNUSED_FUNCTION = YES;
				GCC_WARN_UNUSED_VARIABLE = YES;
				MACOSX_DEPLOYMENT_TARGET = 10.12;
				MTL_ENABLE_DEBUG_INFO = YES;
				ONLY_ACTIVE_ARCH = YES;
				SDKROOT = macosx;
			};
			name = Debug;
		};
		DCBFE0BD1E0DE89600BB00C7 /* Release */ = {
			isa = XCBuildConfiguration;
			buildSettings = {
				ALWAYS_SEARCH_USER_PATHS = NO;
				CLANG_ANALYZER_NONNULL = YES;
				CLANG_CXX_LANGUAGE_STANDARD = "gnu++0x";
				CLANG_CXX_LIBRARY = "libc++";
				CLANG_ENABLE_MODULES = YES;
				CLANG_ENABLE_OBJC_ARC = YES;
				CLANG_WARN_BOOL_CONVERSION = YES;
				CLANG_WARN_CONSTANT_CONVERSION = YES;
				CLANG_WARN_DIRECT_OBJC_ISA_USAGE = YES_ERROR;
				CLANG_WARN_DOCUMENTATION_COMMENTS = YES;
				CLANG_WARN_EMPTY_BODY = YES;
				CLANG_WARN_ENUM_CONVERSION = YES;
				CLANG_WARN_INFINITE_RECURSION = YES;
				CLANG_WARN_INT_CONVERSION = YES;
				CLANG_WARN_OBJC_ROOT_CLASS = YES_ERROR;
				CLANG_WARN_SUSPICIOUS_MOVE = YES;
				CLANG_WARN_UNREACHABLE_CODE = YES;
				CLANG_WARN__DUPLICATE_METHOD_MATCH = YES;
				CODE_SIGN_IDENTITY = "-";
				COPY_PHASE_STRIP = NO;
				DEBUG_INFORMATION_FORMAT = "dwarf-with-dsym";
				ENABLE_NS_ASSERTIONS = NO;
				ENABLE_STRICT_OBJC_MSGSEND = YES;
				GCC_C_LANGUAGE_STANDARD = gnu99;
				GCC_NO_COMMON_BLOCKS = YES;
				GCC_WARN_64_TO_32_BIT_CONVERSION = YES;
				GCC_WARN_ABOUT_RETURN_TYPE = YES_ERROR;
				GCC_WARN_UNDECLARED_SELECTOR = YES;
				GCC_WARN_UNINITIALIZED_AUTOS = YES_AGGRESSIVE;
				GCC_WARN_UNUSED_FUNCTION = YES;
				GCC_WARN_UNUSED_VARIABLE = YES;
				MACOSX_DEPLOYMENT_TARGET = 10.12;
				MTL_ENABLE_DEBUG_INFO = NO;
				SDKROOT = macosx;
			};
			name = Release;
		};
		DCBFE0BF1E0DE89600BB00C7 /* Debug */ = {
			isa = XCBuildConfiguration;
			buildSettings = {
				FRAMEWORK_SEARCH_PATHS = (
					"$(inherited)",
					"$(LOCAL_LIBRARY_DIR)/Frameworks",
				);
				PRODUCT_NAME = "$(TARGET_NAME)";
			};
			name = Debug;
		};
		DCBFE0C01E0DE89600BB00C7 /* Release */ = {
			isa = XCBuildConfiguration;
			buildSettings = {
				FRAMEWORK_SEARCH_PATHS = (
					"$(inherited)",
					"$(LOCAL_LIBRARY_DIR)/Frameworks",
				);
				PRODUCT_NAME = "$(TARGET_NAME)";
			};
			name = Release;
		};
/* End XCBuildConfiguration section */

/* Begin XCConfigurationList section */
		DCBFE0B21E0DE89600BB00C7 /* Build configuration list for PBXProject "sdl-tutorial" */ = {
			isa = XCConfigurationList;
			buildConfigurations = (
				DCBFE0BC1E0DE89600BB00C7 /* Debug */,
				DCBFE0BD1E0DE89600BB00C7 /* Release */,
			);
			defaultConfigurationIsVisible = 0;
			defaultConfigurationName = Release;
		};
		DCBFE0BE1E0DE89600BB00C7 /* Build configuration list for PBXNativeTarget "sdl-tutorial" */ = {
			isa = XCConfigurationList;
			buildConfigurations = (
				DCBFE0BF1E0DE89600BB00C7 /* Debug */,
				DCBFE0C01E0DE89600BB00C7 /* Release */,
			);
			defaultConfigurationIsVisible = 0;
		};
/* End XCConfigurationList section */
	};
	rootObject = DCBFE0AF1E0DE89600BB00C7 /* Project object */;
}
